
Microsoft Visual Studio Solution File, Format Version 12.00
Project("{FAE04EC0-301F-11D3-BF4B-00C04F79EFBC}") = "UniEquipRent", "UniEquipRent\UniEquipRent.csproj", "{08E17D7D-105B-4E7F-A1D8-73B6F5B913CB}"
EndProject
Global
	GlobalSection(SolutionConfigurationPlatforms) = preSolution
		Debug|Any CPU = Debug|Any CPU
		Release|Any CPU = Release|Any CPU
	EndGlobalSection
	GlobalSection(ProjectConfigurationPlatforms) = postSolution
		{08E17D7D-105B-4E7F-A1D8-73B6F5B913CB}.Debug|Any CPU.ActiveCfg = Debug|Any CPU
		{08E17D7D-105B-4E7F-A1D8-73B6F5B913CB}.Debug|Any CPU.Build.0 = Debug|Any CPU
		{08E17D7D-105B-4E7F-A1D8-73B6F5B913CB}.Release|Any CPU.ActiveCfg = Release|Any CPU
		{08E17D7D-105B-4E7F-A1D8-73B6F5B913CB}.Release|Any CPU.Build.0 = Release|Any CPU
	EndGlobalSection
EndGlobal
